// !$*UTF8*$!
{
	archiveVersion = 1;
	classes = {
	};
	objectVersion = 46;
	objects = {

/* Begin PBXBuildFile section */
		D21CB85819E1FEAF0054A7D4 /* LaunchScreen.xib in Resources */ = {isa = PBXBuildFile; fileRef = D21CB84E19E1FEAF0054A7D4 /* LaunchScreen.xib */; };
		D21CB85919E1FEAF0054A7D4 /* Main.storyboard in Resources */ = {isa = PBXBuildFile; fileRef = D21CB85019E1FEAF0054A7D4 /* Main.storyboard */; };
		D21CB85A19E1FEAF0054A7D4 /* Images.xcassets in Resources */ = {isa = PBXBuildFile; fileRef = D21CB85219E1FEAF0054A7D4 /* Images.xcassets */; };
		D21CB85C19E1FEAF0054A7D4 /* AppDelegate.swift in Sources */ = {isa = PBXBuildFile; fileRef = D21CB85519E1FEAF0054A7D4 /* AppDelegate.swift */; };
		D21CB86219E1FF970054A7D4 /* Settings.bundle in Resources */ = {isa = PBXBuildFile; fileRef = D21CB86119E1FF970054A7D4 /* Settings.bundle */; };
		D21CB86919E2058E0054A7D4 /* Switches.storyboard in Resources */ = {isa = PBXBuildFile; fileRef = D21CB86719E2058E0054A7D4 /* Switches.storyboard */; };
		D21CB86C19E20BBE0054A7D4 /* Audio.storyboard in Resources */ = {isa = PBXBuildFile; fileRef = D21CB86A19E20BBE0054A7D4 /* Audio.storyboard */; };
		D21CB86F19E20BCA0054A7D4 /* Scenes.storyboard in Resources */ = {isa = PBXBuildFile; fileRef = D21CB86D19E20BCA0054A7D4 /* Scenes.storyboard */; };
		D21CB87219E20BD60054A7D4 /* On.storyboard in Resources */ = {isa = PBXBuildFile; fileRef = D21CB87019E20BD60054A7D4 /* On.storyboard */; };
		D21CB87519E20BE10054A7D4 /* Locks.storyboard in Resources */ = {isa = PBXBuildFile; fileRef = D21CB87319E20BE10054A7D4 /* Locks.storyboard */; };
		D21CB87819E20BEB0054A7D4 /* Climate.storyboard in Resources */ = {isa = PBXBuildFile; fileRef = D21CB87619E20BEB0054A7D4 /* Climate.storyboard */; };
		D21CB87B19E20BF60054A7D4 /* Settings.storyboard in Resources */ = {isa = PBXBuildFile; fileRef = D21CB87919E20BF60054A7D4 /* Settings.storyboard */; };
		D21CB88219E20CDB0054A7D4 /* Localizable.strings in Resources */ = {isa = PBXBuildFile; fileRef = D21CB88019E20CDB0054A7D4 /* Localizable.strings */; };
		D22156D61DCF863400760F1A /* PMJSON.framework in CopyFiles */ = {isa = PBXBuildFile; fileRef = D22156AF1DCF839900760F1A /* PMJSON.framework */; settings = {ATTRIBUTES = (CodeSignOnCopy, RemoveHeadersOnCopy, ); }; };
		D22156D71DCF863D00760F1A /* PMHTTP.framework in CopyFiles */ = {isa = PBXBuildFile; fileRef = D22156811DCF837B00760F1A /* PMHTTP.framework */; settings = {ATTRIBUTES = (CodeSignOnCopy, RemoveHeadersOnCopy, ); }; };
		D22156D81DCF864600760F1A /* KeychainSwift.framework in CopyFiles */ = {isa = PBXBuildFile; fileRef = D221569A1DCF839300760F1A /* KeychainSwift.framework */; settings = {ATTRIBUTES = (CodeSignOnCopy, RemoveHeadersOnCopy, ); }; };
		D22156D91DCF865100760F1A /* CryptoSwift.framework in CopyFiles */ = {isa = PBXBuildFile; fileRef = D221568A1DCF838C00760F1A /* CryptoSwift.framework */; settings = {ATTRIBUTES = (CodeSignOnCopy, RemoveHeadersOnCopy, ); }; };
		D23210801A07230500353F51 /* AudioListViewController.swift in Sources */ = {isa = PBXBuildFile; fileRef = D23210751A07230500353F51 /* AudioListViewController.swift */; };
		D23210811A07230500353F51 /* AudioViewController.swift in Sources */ = {isa = PBXBuildFile; fileRef = D23210761A07230500353F51 /* AudioViewController.swift */; };
		D23210821A07230500353F51 /* ClimateViewController.swift in Sources */ = {isa = PBXBuildFile; fileRef = D23210771A07230500353F51 /* ClimateViewController.swift */; };
		D23210831A07230500353F51 /* ExcludedItemsViewController.swift in Sources */ = {isa = PBXBuildFile; fileRef = D23210781A07230500353F51 /* ExcludedItemsViewController.swift */; };
		D23210841A07230500353F51 /* LocksViewController.swift in Sources */ = {isa = PBXBuildFile; fileRef = D23210791A07230500353F51 /* LocksViewController.swift */; };
		D23210851A07230500353F51 /* OnViewController.swift in Sources */ = {isa = PBXBuildFile; fileRef = D232107A1A07230500353F51 /* OnViewController.swift */; };
		D23210861A07230500353F51 /* ScenesListViewController.swift in Sources */ = {isa = PBXBuildFile; fileRef = D232107B1A07230500353F51 /* ScenesListViewController.swift */; };
		D23210871A07230500353F51 /* ScenesViewController.swift in Sources */ = {isa = PBXBuildFile; fileRef = D232107C1A07230500353F51 /* ScenesViewController.swift */; };
		D23210881A07230500353F51 /* SettingsViewController.swift in Sources */ = {isa = PBXBuildFile; fileRef = D232107D1A07230500353F51 /* SettingsViewController.swift */; };
		D23210891A07230500353F51 /* SwitchesListViewController.swift in Sources */ = {isa = PBXBuildFile; fileRef = D232107E1A07230500353F51 /* SwitchesListViewController.swift */; };
		D232108A1A07230500353F51 /* SwitchesViewController.swift in Sources */ = {isa = PBXBuildFile; fileRef = D232107F1A07230500353F51 /* SwitchesViewController.swift */; };
		D232108D1A07232600353F51 /* DeviceCell.swift in Sources */ = {isa = PBXBuildFile; fileRef = D232108C1A07232600353F51 /* DeviceCell.swift */; };
		D27772191A0DCAF400F33568 /* SceneCell.swift in Sources */ = {isa = PBXBuildFile; fileRef = D27772181A0DCAF400F33568 /* SceneCell.swift */; };
		D27B15AD1A0730B5003790CE /* BaseCell.swift in Sources */ = {isa = PBXBuildFile; fileRef = D27B15AC1A0730B5003790CE /* BaseCell.swift */; };
		D28002AF1A09B5C6005894C3 /* VeraUIExtension.swift in Sources */ = {isa = PBXBuildFile; fileRef = D28002AE1A09B5C6005894C3 /* VeraUIExtension.swift */; };
		D28002B11A09D23A005894C3 /* SFSwiftNotification.swift in Sources */ = {isa = PBXBuildFile; fileRef = D28002B01A09D23A005894C3 /* SFSwiftNotification.swift */; };
		D28514561D85BCC400162FDE /* VeraAuth.swift in Sources */ = {isa = PBXBuildFile; fileRef = D285144F1D85BCC400162FDE /* VeraAuth.swift */; };
		D28514571D85BCC400162FDE /* VeraDevice.swift in Sources */ = {isa = PBXBuildFile; fileRef = D28514501D85BCC400162FDE /* VeraDevice.swift */; };
		D28514581D85BCC400162FDE /* VeraRoom.swift in Sources */ = {isa = PBXBuildFile; fileRef = D28514511D85BCC400162FDE /* VeraRoom.swift */; };
		D28514591D85BCC400162FDE /* VeraScene.swift in Sources */ = {isa = PBXBuildFile; fileRef = D28514521D85BCC400162FDE /* VeraScene.swift */; };
		D285145A1D85BCC400162FDE /* VeraUnit.swift in Sources */ = {isa = PBXBuildFile; fileRef = D28514531D85BCC400162FDE /* VeraUnit.swift */; };
		D285145B1D85BCC400162FDE /* VeraUser.swift in Sources */ = {isa = PBXBuildFile; fileRef = D28514541D85BCC400162FDE /* VeraUser.swift */; };
		D285145C1D85BCC400162FDE /* VeraAPI.swift in Sources */ = {isa = PBXBuildFile; fileRef = D28514551D85BCC400162FDE /* VeraAPI.swift */; };
		D28514931D85BDCA00162FDE /* Reachability.m in Sources */ = {isa = PBXBuildFile; fileRef = D28514921D85BDCA00162FDE /* Reachability.m */; };
		D2A2A6DD1A0FFA4800BE65EE /* OnDeviceCell.swift in Sources */ = {isa = PBXBuildFile; fileRef = D2A2A6DC1A0FFA4800BE65EE /* OnDeviceCell.swift */; };
		D2A2A6DF1A101AF500BE65EE /* AudioCell.swift in Sources */ = {isa = PBXBuildFile; fileRef = D2A2A6DE1A101AF500BE65EE /* AudioCell.swift */; };
		D2BB40E91BAC7E9C009BB9E3 /* 1Password.xcassets in Resources */ = {isa = PBXBuildFile; fileRef = D2BB40E81BAC7E9C009BB9E3 /* 1Password.xcassets */; };
		D2BB40F11BAC7EC5009BB9E3 /* OnePasswordExtension.m in Sources */ = {isa = PBXBuildFile; fileRef = D2BB40F01BAC7EC5009BB9E3 /* OnePasswordExtension.m */; };
		D2D61AD01D85D63300E62310 /* XCGLogger.framework in CopyFiles */ = {isa = PBXBuildFile; fileRef = D2A87D521D8476D500D2E5FD /* XCGLogger.framework */; settings = {ATTRIBUTES = (CodeSignOnCopy, RemoveHeadersOnCopy, ); }; };
		D2D61AD11D85D63B00E62310 /* JSONHelper.framework in CopyFiles */ = {isa = PBXBuildFile; fileRef = D285147F1D85BD4900162FDE /* JSONHelper.framework */; settings = {ATTRIBUTES = (CodeSignOnCopy, RemoveHeadersOnCopy, ); }; };
		D2E3597D1A104A0F00F30C32 /* LockCell.swift in Sources */ = {isa = PBXBuildFile; fileRef = D2E3597C1A104A0F00F30C32 /* LockCell.swift */; };
		D2E3597F1A105E5500F30C32 /* ThermostatCell.swift in Sources */ = {isa = PBXBuildFile; fileRef = D2E3597E1A105E5500F30C32 /* ThermostatCell.swift */; };
		D2ED11371A15BC4D00B8F25B /* ArrayExtension.swift in Sources */ = {isa = PBXBuildFile; fileRef = D2ED11361A15BC4D00B8F25B /* ArrayExtension.swift */; };
/* End PBXBuildFile section */

/* Begin PBXContainerItemProxy section */
		D22156801DCF837B00760F1A /* PBXContainerItemProxy */ = {
			isa = PBXContainerItemProxy;
			containerPortal = D221567B1DCF837B00760F1A /* PMHTTP.xcodeproj */;
			proxyType = 2;
			remoteGlobalIDString = 9E7DDF211C18F2B500EA43AD;
			remoteInfo = PMHTTP;
		};
		D22156821DCF837B00760F1A /* PBXContainerItemProxy */ = {
			isa = PBXContainerItemProxy;
			containerPortal = D221567B1DCF837B00760F1A /* PMHTTP.xcodeproj */;
			proxyType = 2;
			remoteGlobalIDString = 9E7DDF2B1C18F2B600EA43AD;
			remoteInfo = PMHTTPTests;
		};
		D22156891DCF838C00760F1A /* PBXContainerItemProxy */ = {
			isa = PBXContainerItemProxy;
			containerPortal = D22156841DCF838C00760F1A /* CryptoSwift.xcodeproj */;
			proxyType = 2;
			remoteGlobalIDString = 754BE45519693E190098E6F3;
			remoteInfo = CryptoSwift;
		};
		D221568B1DCF838C00760F1A /* PBXContainerItemProxy */ = {
			isa = PBXContainerItemProxy;
			containerPortal = D22156841DCF838C00760F1A /* CryptoSwift.xcodeproj */;
			proxyType = 2;
			remoteGlobalIDString = 754BE46019693E190098E6F3;
			remoteInfo = Tests;
		};
		D22156991DCF839300760F1A /* PBXContainerItemProxy */ = {
			isa = PBXContainerItemProxy;
			containerPortal = D221568D1DCF839300760F1A /* KeychainSwift.xcodeproj */;
			proxyType = 2;
			remoteGlobalIDString = 7ED6C96C1B1C118F00FE8090;
			remoteInfo = KeychainSwift;
		};
		D221569B1DCF839300760F1A /* PBXContainerItemProxy */ = {
			isa = PBXContainerItemProxy;
			containerPortal = D221568D1DCF839300760F1A /* KeychainSwift.xcodeproj */;
			proxyType = 2;
			remoteGlobalIDString = 232B4C7A1BC29950001F2B7A;
			remoteInfo = "KeychainSwift-macOS";
		};
		D221569D1DCF839300760F1A /* PBXContainerItemProxy */ = {
			isa = PBXContainerItemProxy;
			containerPortal = D221568D1DCF839300760F1A /* KeychainSwift.xcodeproj */;
			proxyType = 2;
			remoteGlobalIDString = 232B4C8A1BC29984001F2B7A;
			remoteInfo = "KeychainSwift-watchOS";
		};
		D221569F1DCF839300760F1A /* PBXContainerItemProxy */ = {
			isa = PBXContainerItemProxy;
			containerPortal = D221568D1DCF839300760F1A /* KeychainSwift.xcodeproj */;
			proxyType = 2;
			remoteGlobalIDString = 23E785601BDA410C00B7564A;
			remoteInfo = "KeychainSwift-tvOS";
		};
		D22156A11DCF839300760F1A /* PBXContainerItemProxy */ = {
			isa = PBXContainerItemProxy;
			containerPortal = D221568D1DCF839300760F1A /* KeychainSwift.xcodeproj */;
			proxyType = 2;
			remoteGlobalIDString = 7ED6C9771B1C118F00FE8090;
			remoteInfo = KeychainSwiftTests;
		};
		D22156A31DCF839300760F1A /* PBXContainerItemProxy */ = {
			isa = PBXContainerItemProxy;
			containerPortal = D221568D1DCF839300760F1A /* KeychainSwift.xcodeproj */;
			proxyType = 2;
			remoteGlobalIDString = 7ED6C99D1B1C133500FE8090;
			remoteInfo = Demo;
		};
		D22156A51DCF839300760F1A /* PBXContainerItemProxy */ = {
			isa = PBXContainerItemProxy;
			containerPortal = D221568D1DCF839300760F1A /* KeychainSwift.xcodeproj */;
			proxyType = 2;
			remoteGlobalIDString = 7E3A6B601D3F62C2007C5B1F;
			remoteInfo = "macOS Tests";
		};
		D22156A71DCF839300760F1A /* PBXContainerItemProxy */ = {
			isa = PBXContainerItemProxy;
			containerPortal = D221568D1DCF839300760F1A /* KeychainSwift.xcodeproj */;
			proxyType = 2;
			remoteGlobalIDString = 7E3A6B7B1D3F6779007C5B1F;
			remoteInfo = "macOS Demo";
		};
		D22156AE1DCF839900760F1A /* PBXContainerItemProxy */ = {
			isa = PBXContainerItemProxy;
			containerPortal = D22156A91DCF839900760F1A /* PMJSON.xcodeproj */;
			proxyType = 2;
			remoteGlobalIDString = 9E1B24411BC73D7600E5BC19;
			remoteInfo = PMJSON;
		};
		D22156B01DCF839900760F1A /* PBXContainerItemProxy */ = {
			isa = PBXContainerItemProxy;
			containerPortal = D22156A91DCF839900760F1A /* PMJSON.xcodeproj */;
			proxyType = 2;
			remoteGlobalIDString = 9E1B244A1BC73D7600E5BC19;
			remoteInfo = PMJSONTests;
		};
		D285147E1D85BD4900162FDE /* PBXContainerItemProxy */ = {
			isa = PBXContainerItemProxy;
			containerPortal = D28514761D85BD4900162FDE /* JSONHelper.xcodeproj */;
			proxyType = 2;
			remoteGlobalIDString = 5FAD07641A70F2FC00C4D09E;
			remoteInfo = JSONHelper;
		};
		D28514801D85BD4900162FDE /* PBXContainerItemProxy */ = {
			isa = PBXContainerItemProxy;
			containerPortal = D28514761D85BD4900162FDE /* JSONHelper.xcodeproj */;
			proxyType = 2;
			remoteGlobalIDString = D76C520A1ACD46B100B49735;
			remoteInfo = "JSONHelper-Mac";
		};
		D28514821D85BD4900162FDE /* PBXContainerItemProxy */ = {
			isa = PBXContainerItemProxy;
			containerPortal = D28514761D85BD4900162FDE /* JSONHelper.xcodeproj */;
			proxyType = 2;
			remoteGlobalIDString = 5FAD076F1A70F2FC00C4D09E;
			remoteInfo = JSONHelperTests;
		};
		D28514841D85BD4900162FDE /* PBXContainerItemProxy */ = {
			isa = PBXContainerItemProxy;
			containerPortal = D28514761D85BD4900162FDE /* JSONHelper.xcodeproj */;
			proxyType = 2;
			remoteGlobalIDString = 5FAD07841A70F31300C4D09E;
			remoteInfo = JSONHelperExample;
		};
		D28514861D85BD4900162FDE /* PBXContainerItemProxy */ = {
			isa = PBXContainerItemProxy;
			containerPortal = D28514761D85BD4900162FDE /* JSONHelper.xcodeproj */;
			proxyType = 2;
			remoteGlobalIDString = 5FAD07981A70F31300C4D09E;
			remoteInfo = JSONHelperExampleTests;
		};
		D28514881D85BD5400162FDE /* PBXContainerItemProxy */ = {
			isa = PBXContainerItemProxy;
			containerPortal = D28514761D85BD4900162FDE /* JSONHelper.xcodeproj */;
			proxyType = 1;
			remoteGlobalIDString = 5FAD07631A70F2FC00C4D09E;
			remoteInfo = JSONHelper;
		};
		D2A87D511D8476D500D2E5FD /* PBXContainerItemProxy */ = {
			isa = PBXContainerItemProxy;
			containerPortal = D2A87D461D8476D500D2E5FD /* XCGLogger.xcodeproj */;
			proxyType = 2;
			remoteGlobalIDString = 55E3EE4519D76F280068C3A7;
			remoteInfo = "XCGLogger (iOS)";
		};
		D2A87D531D8476D500D2E5FD /* PBXContainerItemProxy */ = {
			isa = PBXContainerItemProxy;
			containerPortal = D2A87D461D8476D500D2E5FD /* XCGLogger.xcodeproj */;
			proxyType = 2;
			remoteGlobalIDString = 554DF41719D76FE7005708BE;
			remoteInfo = "XCGLogger (OS X)";
		};
		D2A87D551D8476D500D2E5FD /* PBXContainerItemProxy */ = {
			isa = PBXContainerItemProxy;
			containerPortal = D2A87D461D8476D500D2E5FD /* XCGLogger.xcodeproj */;
			proxyType = 2;
			remoteGlobalIDString = 70CB94201B99E728007802FF;
			remoteInfo = "XCGLogger (watchOS)";
		};
		D2A87D571D8476D500D2E5FD /* PBXContainerItemProxy */ = {
			isa = PBXContainerItemProxy;
			containerPortal = D2A87D461D8476D500D2E5FD /* XCGLogger.xcodeproj */;
			proxyType = 2;
			remoteGlobalIDString = 5515A3DF1BA119FA0047BA31;
			remoteInfo = "XCGLogger (tvOS)";
		};
		D2A87D591D8476D500D2E5FD /* PBXContainerItemProxy */ = {
			isa = PBXContainerItemProxy;
			containerPortal = D2A87D461D8476D500D2E5FD /* XCGLogger.xcodeproj */;
			proxyType = 2;
			remoteGlobalIDString = 55E3EE5019D76F280068C3A7;
			remoteInfo = "XCGLoggerTests (iOS)";
		};
		D2A87D5B1D8476D500D2E5FD /* PBXContainerItemProxy */ = {
			isa = PBXContainerItemProxy;
			containerPortal = D2A87D461D8476D500D2E5FD /* XCGLogger.xcodeproj */;
			proxyType = 2;
			remoteGlobalIDString = 55BB1F011B79DC7500709779;
			remoteInfo = "XCGLoggerTests (OS X)";
		};
		D2A87D5D1D8476D500D2E5FD /* PBXContainerItemProxy */ = {
			isa = PBXContainerItemProxy;
			containerPortal = D2A87D461D8476D500D2E5FD /* XCGLogger.xcodeproj */;
			proxyType = 2;
			remoteGlobalIDString = 558EEB851D6BAC61006A9C7A;
			remoteInfo = "XCGLoggerTests (watchOS)";
		};
		D2A87D5F1D8476D500D2E5FD /* PBXContainerItemProxy */ = {
			isa = PBXContainerItemProxy;
			containerPortal = D2A87D461D8476D500D2E5FD /* XCGLogger.xcodeproj */;
			proxyType = 2;
			remoteGlobalIDString = 558EEB921D6BAC66006A9C7A;
			remoteInfo = "XCGLoggerTests (tvOS)";
		};
		D2A87D611D8479D900D2E5FD /* PBXContainerItemProxy */ = {
			isa = PBXContainerItemProxy;
			containerPortal = D2A87D461D8476D500D2E5FD /* XCGLogger.xcodeproj */;
			proxyType = 1;
			remoteGlobalIDString = 55E3EE4419D76F280068C3A7;
			remoteInfo = "XCGLogger (iOS)";
		};
/* End PBXContainerItemProxy section */

/* Begin PBXCopyFilesBuildPhase section */
		D2BB41011BAC90BB009BB9E3 /* CopyFiles */ = {
			isa = PBXCopyFilesBuildPhase;
			buildActionMask = 2147483647;
			dstPath = "";
			dstSubfolderSpec = 10;
			files = (
				D2D61AD01D85D63300E62310 /* XCGLogger.framework in CopyFiles */,
				D2D61AD11D85D63B00E62310 /* JSONHelper.framework in CopyFiles */,
				D22156D61DCF863400760F1A /* PMJSON.framework in CopyFiles */,
				D22156D81DCF864600760F1A /* KeychainSwift.framework in CopyFiles */,
				D22156D71DCF863D00760F1A /* PMHTTP.framework in CopyFiles */,
				D22156D91DCF865100760F1A /* CryptoSwift.framework in CopyFiles */,
			);
			runOnlyForDeploymentPostprocessing = 0;
		};
/* End PBXCopyFilesBuildPhase section */

/* Begin PBXFileReference section */
		D21CB84F19E1FEAF0054A7D4 /* Base */ = {isa = PBXFileReference; lastKnownFileType = file.xib; name = Base; path = Base.lproj/LaunchScreen.xib; sourceTree = "<group>"; };
		D21CB85119E1FEAF0054A7D4 /* Base */ = {isa = PBXFileReference; lastKnownFileType = file.storyboard; name = Base; path = Base.lproj/Main.storyboard; sourceTree = "<group>"; };
		D21CB85219E1FEAF0054A7D4 /* Images.xcassets */ = {isa = PBXFileReference; lastKnownFileType = folder.assetcatalog; path = Images.xcassets; sourceTree = "<group>"; };
		D21CB85319E1FEAF0054A7D4 /* Info.plist */ = {isa = PBXFileReference; fileEncoding = 4; lastKnownFileType = text.plist.xml; name = Info.plist; path = Resources/Info.plist; sourceTree = "<group>"; };
		D21CB85519E1FEAF0054A7D4 /* AppDelegate.swift */ = {isa = PBXFileReference; fileEncoding = 4; lastKnownFileType = sourcecode.swift; path = AppDelegate.swift; sourceTree = "<group>"; };
		D21CB85F19E1FF0E0054A7D4 /* Defines.h */ = {isa = PBXFileReference; lastKnownFileType = sourcecode.c.h; name = Defines.h; path = Automation/Defines.h; sourceTree = "<group>"; };
		D21CB86119E1FF970054A7D4 /* Settings.bundle */ = {isa = PBXFileReference; lastKnownFileType = "wrapper.plug-in"; path = Settings.bundle; sourceTree = "<group>"; };
		D21CB86819E2058E0054A7D4 /* Base */ = {isa = PBXFileReference; lastKnownFileType = file.storyboard; name = Base; path = Base.lproj/Switches.storyboard; sourceTree = "<group>"; };
		D21CB86B19E20BBE0054A7D4 /* Base */ = {isa = PBXFileReference; lastKnownFileType = file.storyboard; name = Base; path = Base.lproj/Audio.storyboard; sourceTree = "<group>"; };
		D21CB86E19E20BCA0054A7D4 /* Base */ = {isa = PBXFileReference; lastKnownFileType = file.storyboard; name = Base; path = Base.lproj/Scenes.storyboard; sourceTree = "<group>"; };
		D21CB87119E20BD60054A7D4 /* Base */ = {isa = PBXFileReference; lastKnownFileType = file.storyboard; name = Base; path = Base.lproj/On.storyboard; sourceTree = "<group>"; };
		D21CB87419E20BE10054A7D4 /* Base */ = {isa = PBXFileReference; lastKnownFileType = file.storyboard; name = Base; path = Base.lproj/Locks.storyboard; sourceTree = "<group>"; };
		D21CB87719E20BEB0054A7D4 /* Base */ = {isa = PBXFileReference; lastKnownFileType = file.storyboard; name = Base; path = Base.lproj/Climate.storyboard; sourceTree = "<group>"; };
		D21CB87A19E20BF60054A7D4 /* Base */ = {isa = PBXFileReference; lastKnownFileType = file.storyboard; name = Base; path = Base.lproj/Settings.storyboard; sourceTree = "<group>"; };
		D21CB88119E20CDB0054A7D4 /* en */ = {isa = PBXFileReference; lastKnownFileType = text.plist.strings; name = en; path = en.lproj/Localizable.strings; sourceTree = "<group>"; };
		D221567B1DCF837B00760F1A /* PMHTTP.xcodeproj */ = {isa = PBXFileReference; lastKnownFileType = "wrapper.pb-project"; name = PMHTTP.xcodeproj; path = Carthage/Checkouts/PMHTTP/PMHTTP.xcodeproj; sourceTree = SOURCE_ROOT; };
		D22156841DCF838C00760F1A /* CryptoSwift.xcodeproj */ = {isa = PBXFileReference; lastKnownFileType = "wrapper.pb-project"; name = CryptoSwift.xcodeproj; path = Carthage/Checkouts/CryptoSwift/CryptoSwift.xcodeproj; sourceTree = SOURCE_ROOT; };
		D221568D1DCF839300760F1A /* KeychainSwift.xcodeproj */ = {isa = PBXFileReference; lastKnownFileType = "wrapper.pb-project"; name = KeychainSwift.xcodeproj; path = "Carthage/Checkouts/keychain-swift/KeychainSwift.xcodeproj"; sourceTree = SOURCE_ROOT; };
		D22156A91DCF839900760F1A /* PMJSON.xcodeproj */ = {isa = PBXFileReference; lastKnownFileType = "wrapper.pb-project"; name = PMJSON.xcodeproj; path = Carthage/Checkouts/PMJSON/PMJSON.xcodeproj; sourceTree = SOURCE_ROOT; };
		D23210751A07230500353F51 /* AudioListViewController.swift */ = {isa = PBXFileReference; fileEncoding = 4; lastKnownFileType = sourcecode.swift; path = AudioListViewController.swift; sourceTree = "<group>"; };
		D23210761A07230500353F51 /* AudioViewController.swift */ = {isa = PBXFileReference; fileEncoding = 4; lastKnownFileType = sourcecode.swift; path = AudioViewController.swift; sourceTree = "<group>"; };
		D23210771A07230500353F51 /* ClimateViewController.swift */ = {isa = PBXFileReference; fileEncoding = 4; lastKnownFileType = sourcecode.swift; path = ClimateViewController.swift; sourceTree = "<group>"; };
		D23210781A07230500353F51 /* ExcludedItemsViewController.swift */ = {isa = PBXFileReference; fileEncoding = 4; lastKnownFileType = sourcecode.swift; path = ExcludedItemsViewController.swift; sourceTree = "<group>"; };
		D23210791A07230500353F51 /* LocksViewController.swift */ = {isa = PBXFileReference; fileEncoding = 4; lastKnownFileType = sourcecode.swift; path = LocksViewController.swift; sourceTree = "<group>"; };
		D232107A1A07230500353F51 /* OnViewController.swift */ = {isa = PBXFileReference; fileEncoding = 4; lastKnownFileType = sourcecode.swift; path = OnViewController.swift; sourceTree = "<group>"; };
		D232107B1A07230500353F51 /* ScenesListViewController.swift */ = {isa = PBXFileReference; fileEncoding = 4; lastKnownFileType = sourcecode.swift; path = ScenesListViewController.swift; sourceTree = "<group>"; };
		D232107C1A07230500353F51 /* ScenesViewController.swift */ = {isa = PBXFileReference; fileEncoding = 4; lastKnownFileType = sourcecode.swift; path = ScenesViewController.swift; sourceTree = "<group>"; };
		D232107D1A07230500353F51 /* SettingsViewController.swift */ = {isa = PBXFileReference; fileEncoding = 4; lastKnownFileType = sourcecode.swift; path = SettingsViewController.swift; sourceTree = "<group>"; };
		D232107E1A07230500353F51 /* SwitchesListViewController.swift */ = {isa = PBXFileReference; fileEncoding = 4; lastKnownFileType = sourcecode.swift; path = SwitchesListViewController.swift; sourceTree = "<group>"; };
		D232107F1A07230500353F51 /* SwitchesViewController.swift */ = {isa = PBXFileReference; fileEncoding = 4; lastKnownFileType = sourcecode.swift; path = SwitchesViewController.swift; sourceTree = "<group>"; };
		D232108C1A07232600353F51 /* DeviceCell.swift */ = {isa = PBXFileReference; fileEncoding = 4; lastKnownFileType = sourcecode.swift; path = DeviceCell.swift; sourceTree = "<group>"; };
		D27772181A0DCAF400F33568 /* SceneCell.swift */ = {isa = PBXFileReference; fileEncoding = 4; lastKnownFileType = sourcecode.swift; path = SceneCell.swift; sourceTree = "<group>"; };
		D27B15AC1A0730B5003790CE /* BaseCell.swift */ = {isa = PBXFileReference; fileEncoding = 4; lastKnownFileType = sourcecode.swift; path = BaseCell.swift; sourceTree = "<group>"; };
		D28002AE1A09B5C6005894C3 /* VeraUIExtension.swift */ = {isa = PBXFileReference; fileEncoding = 4; lastKnownFileType = sourcecode.swift; path = VeraUIExtension.swift; sourceTree = "<group>"; };
		D28002B01A09D23A005894C3 /* SFSwiftNotification.swift */ = {isa = PBXFileReference; fileEncoding = 4; lastKnownFileType = sourcecode.swift; name = SFSwiftNotification.swift; path = External/SFSwiftNotification/Classes/SFSwiftNotification.swift; sourceTree = SOURCE_ROOT; };
		D2843B3619E0E798007CC520 /* Automation.app */ = {isa = PBXFileReference; explicitFileType = wrapper.application; includeInIndex = 0; path = Automation.app; sourceTree = BUILT_PRODUCTS_DIR; };
		D285144F1D85BCC400162FDE /* VeraAuth.swift */ = {isa = PBXFileReference; fileEncoding = 4; lastKnownFileType = sourcecode.swift; path = VeraAuth.swift; sourceTree = "<group>"; };
		D28514501D85BCC400162FDE /* VeraDevice.swift */ = {isa = PBXFileReference; fileEncoding = 4; lastKnownFileType = sourcecode.swift; path = VeraDevice.swift; sourceTree = "<group>"; };
		D28514511D85BCC400162FDE /* VeraRoom.swift */ = {isa = PBXFileReference; fileEncoding = 4; lastKnownFileType = sourcecode.swift; path = VeraRoom.swift; sourceTree = "<group>"; };
		D28514521D85BCC400162FDE /* VeraScene.swift */ = {isa = PBXFileReference; fileEncoding = 4; lastKnownFileType = sourcecode.swift; path = VeraScene.swift; sourceTree = "<group>"; };
		D28514531D85BCC400162FDE /* VeraUnit.swift */ = {isa = PBXFileReference; fileEncoding = 4; lastKnownFileType = sourcecode.swift; path = VeraUnit.swift; sourceTree = "<group>"; };
		D28514541D85BCC400162FDE /* VeraUser.swift */ = {isa = PBXFileReference; fileEncoding = 4; lastKnownFileType = sourcecode.swift; path = VeraUser.swift; sourceTree = "<group>"; };
		D28514551D85BCC400162FDE /* VeraAPI.swift */ = {isa = PBXFileReference; fileEncoding = 4; lastKnownFileType = sourcecode.swift; path = VeraAPI.swift; sourceTree = "<group>"; };
		D28514761D85BD4900162FDE /* JSONHelper.xcodeproj */ = {isa = PBXFileReference; lastKnownFileType = "wrapper.pb-project"; name = JSONHelper.xcodeproj; path = External/JSONHelper/JSONHelper.xcodeproj; sourceTree = SOURCE_ROOT; };
		D28514911D85BDCA00162FDE /* Reachability.h */ = {isa = PBXFileReference; fileEncoding = 4; lastKnownFileType = sourcecode.c.h; path = Reachability.h; sourceTree = "<group>"; };
		D28514921D85BDCA00162FDE /* Reachability.m */ = {isa = PBXFileReference; fileEncoding = 4; lastKnownFileType = sourcecode.c.objc; path = Reachability.m; sourceTree = "<group>"; };
		D29867E81A15B628000E99E7 /* ReleaseNotes.txt */ = {isa = PBXFileReference; lastKnownFileType = text; path = ReleaseNotes.txt; sourceTree = "<group>"; };
		D2A2A6DC1A0FFA4800BE65EE /* OnDeviceCell.swift */ = {isa = PBXFileReference; fileEncoding = 4; lastKnownFileType = sourcecode.swift; path = OnDeviceCell.swift; sourceTree = "<group>"; };
		D2A2A6DE1A101AF500BE65EE /* AudioCell.swift */ = {isa = PBXFileReference; fileEncoding = 4; lastKnownFileType = sourcecode.swift; path = AudioCell.swift; sourceTree = "<group>"; };
		D2A87D461D8476D500D2E5FD /* XCGLogger.xcodeproj */ = {isa = PBXFileReference; lastKnownFileType = "wrapper.pb-project"; name = XCGLogger.xcodeproj; path = External/XCGLogger/Sources/XCGLogger.xcodeproj; sourceTree = SOURCE_ROOT; };
		D2A87DCD1D848BA000D2E5FD /* Automation.entitlements */ = {isa = PBXFileReference; lastKnownFileType = text.plist.entitlements; path = Automation.entitlements; sourceTree = "<group>"; };
		D2BB40E81BAC7E9C009BB9E3 /* 1Password.xcassets */ = {isa = PBXFileReference; lastKnownFileType = folder.assetcatalog; name = 1Password.xcassets; path = "External/onepassword-app-extension/1Password.xcassets"; sourceTree = SOURCE_ROOT; };
		D2BB40EE1BAC7EC4009BB9E3 /* Automation-Bridging-Header.h */ = {isa = PBXFileReference; lastKnownFileType = sourcecode.c.h; path = "Automation-Bridging-Header.h"; sourceTree = "<group>"; };
		D2BB40EF1BAC7EC5009BB9E3 /* OnePasswordExtension.h */ = {isa = PBXFileReference; fileEncoding = 4; lastKnownFileType = sourcecode.c.h; name = OnePasswordExtension.h; path = "External/onepassword-app-extension/OnePasswordExtension.h"; sourceTree = SOURCE_ROOT; };
		D2BB40F01BAC7EC5009BB9E3 /* OnePasswordExtension.m */ = {isa = PBXFileReference; fileEncoding = 4; lastKnownFileType = sourcecode.c.objc; name = OnePasswordExtension.m; path = "External/onepassword-app-extension/OnePasswordExtension.m"; sourceTree = SOURCE_ROOT; };
		D2CEE4C319F8AA4D00D59BAF /* ToDo.txt */ = {isa = PBXFileReference; fileEncoding = 4; lastKnownFileType = text; path = ToDo.txt; sourceTree = "<group>"; };
		D2E3597C1A104A0F00F30C32 /* LockCell.swift */ = {isa = PBXFileReference; fileEncoding = 4; lastKnownFileType = sourcecode.swift; path = LockCell.swift; sourceTree = "<group>"; };
		D2E3597E1A105E5500F30C32 /* ThermostatCell.swift */ = {isa = PBXFileReference; fileEncoding = 4; lastKnownFileType = sourcecode.swift; path = ThermostatCell.swift; sourceTree = "<group>"; };
		D2ED11361A15BC4D00B8F25B /* ArrayExtension.swift */ = {isa = PBXFileReference; fileEncoding = 4; lastKnownFileType = sourcecode.swift; path = ArrayExtension.swift; sourceTree = "<group>"; };
		D2EE377C19EB0BE900630C86 /* CurrentRelease.txt */ = {isa = PBXFileReference; fileEncoding = 4; lastKnownFileType = text; path = CurrentRelease.txt; sourceTree = "<group>"; };
/* End PBXFileReference section */

/* Begin PBXFrameworksBuildPhase section */
		D2843B3319E0E798007CC520 /* Frameworks */ = {
			isa = PBXFrameworksBuildPhase;
			buildActionMask = 2147483647;
			files = (
			);
			runOnlyForDeploymentPostprocessing = 0;
		};
/* End PBXFrameworksBuildPhase section */

/* Begin PBXGroup section */
		D21CB84D19E1FEAF0054A7D4 /* Resources */ = {
			isa = PBXGroup;
			children = (
				D21CB84E19E1FEAF0054A7D4 /* LaunchScreen.xib */,
				D21CB85019E1FEAF0054A7D4 /* Main.storyboard */,
				D21CB86719E2058E0054A7D4 /* Switches.storyboard */,
				D21CB86A19E20BBE0054A7D4 /* Audio.storyboard */,
				D21CB86D19E20BCA0054A7D4 /* Scenes.storyboard */,
				D21CB87019E20BD60054A7D4 /* On.storyboard */,
				D21CB87319E20BE10054A7D4 /* Locks.storyboard */,
				D21CB87619E20BEB0054A7D4 /* Climate.storyboard */,
				D21CB87919E20BF60054A7D4 /* Settings.storyboard */,
				D2BB40E81BAC7E9C009BB9E3 /* 1Password.xcassets */,
				D21CB85219E1FEAF0054A7D4 /* Images.xcassets */,
				D21CB86119E1FF970054A7D4 /* Settings.bundle */,
				D21CB88019E20CDB0054A7D4 /* Localizable.strings */,
			);
			path = Resources;
			sourceTree = "<group>";
		};
		D21CB85419E1FEAF0054A7D4 /* Source */ = {
			isa = PBXGroup;
			children = (
				D21CB85519E1FEAF0054A7D4 /* AppDelegate.swift */,
				D28002AE1A09B5C6005894C3 /* VeraUIExtension.swift */,
				D2ED11361A15BC4D00B8F25B /* ArrayExtension.swift */,
				D285144D1D85BCC400162FDE /* Vera */,
				D232108B1A07231400353F51 /* Cells */,
				D23210741A07230500353F51 /* ViewControllers */,
			);
			path = Source;
			sourceTree = "<group>";
		};
		D221567C1DCF837B00760F1A /* Products */ = {
			isa = PBXGroup;
			children = (
				D22156811DCF837B00760F1A /* PMHTTP.framework */,
				D22156831DCF837B00760F1A /* PMHTTPTests.xctest */,
			);
			name = Products;
			sourceTree = "<group>";
		};
		D22156851DCF838C00760F1A /* Products */ = {
			isa = PBXGroup;
			children = (
				D221568A1DCF838C00760F1A /* CryptoSwift.framework */,
				D221568C1DCF838C00760F1A /* Tests.xctest */,
			);
			name = Products;
			sourceTree = "<group>";
		};
		D221568E1DCF839300760F1A /* Products */ = {
			isa = PBXGroup;
			children = (
				D221569A1DCF839300760F1A /* KeychainSwift.framework */,
				D221569C1DCF839300760F1A /* KeychainSwift.framework */,
				D221569E1DCF839300760F1A /* KeychainSwift.framework */,
				D22156A01DCF839300760F1A /* KeychainSwift.framework */,
				D22156A21DCF839300760F1A /* KeychainSwiftTests.xctest */,
				D22156A41DCF839300760F1A /* Keychain Swift.app */,
				D22156A61DCF839300760F1A /* macOS Tests.xctest */,
				D22156A81DCF839300760F1A /* macOS Demo.app */,
			);
			name = Products;
			sourceTree = "<group>";
		};
		D22156AA1DCF839900760F1A /* Products */ = {
			isa = PBXGroup;
			children = (
				D22156AF1DCF839900760F1A /* PMJSON.framework */,
				D22156B11DCF839900760F1A /* PMJSONTests.xctest */,
			);
			name = Products;
			sourceTree = "<group>";
		};
		D23210741A07230500353F51 /* ViewControllers */ = {
			isa = PBXGroup;
			children = (
				D23210751A07230500353F51 /* AudioListViewController.swift */,
				D23210761A07230500353F51 /* AudioViewController.swift */,
				D23210771A07230500353F51 /* ClimateViewController.swift */,
				D23210781A07230500353F51 /* ExcludedItemsViewController.swift */,
				D23210791A07230500353F51 /* LocksViewController.swift */,
				D232107A1A07230500353F51 /* OnViewController.swift */,
				D232107B1A07230500353F51 /* ScenesListViewController.swift */,
				D232107C1A07230500353F51 /* ScenesViewController.swift */,
				D232107D1A07230500353F51 /* SettingsViewController.swift */,
				D232107E1A07230500353F51 /* SwitchesListViewController.swift */,
				D232107F1A07230500353F51 /* SwitchesViewController.swift */,
			);
			path = ViewControllers;
			sourceTree = "<group>";
		};
		D232108B1A07231400353F51 /* Cells */ = {
			isa = PBXGroup;
			children = (
				D232108C1A07232600353F51 /* DeviceCell.swift */,
				D27772181A0DCAF400F33568 /* SceneCell.swift */,
				D2A2A6DC1A0FFA4800BE65EE /* OnDeviceCell.swift */,
				D2A2A6DE1A101AF500BE65EE /* AudioCell.swift */,
				D2E3597C1A104A0F00F30C32 /* LockCell.swift */,
				D2E3597E1A105E5500F30C32 /* ThermostatCell.swift */,
				D27B15AC1A0730B5003790CE /* BaseCell.swift */,
			);
			path = Cells;
			sourceTree = "<group>";
		};
		D28002B21A09D240005894C3 /* SFSwiftNotification */ = {
			isa = PBXGroup;
			children = (
				D28002B01A09D23A005894C3 /* SFSwiftNotification.swift */,
			);
			name = SFSwiftNotification;
			sourceTree = "<group>";
		};
		D2843B2D19E0E798007CC520 = {
			isa = PBXGroup;
			children = (
				D2EE377C19EB0BE900630C86 /* CurrentRelease.txt */,
				D29867E81A15B628000E99E7 /* ReleaseNotes.txt */,
				D2CEE4C319F8AA4D00D59BAF /* ToDo.txt */,
				D21CB85F19E1FF0E0054A7D4 /* Defines.h */,
				D2843B3819E0E798007CC520 /* Automation */,
				D2843B3719E0E798007CC520 /* Products */,
			);
			sourceTree = "<group>";
		};
		D2843B3719E0E798007CC520 /* Products */ = {
			isa = PBXGroup;
			children = (
				D2843B3619E0E798007CC520 /* Automation.app */,
			);
			name = Products;
			sourceTree = "<group>";
		};
		D2843B3819E0E798007CC520 /* Automation */ = {
			isa = PBXGroup;
			children = (
				D2A87DCD1D848BA000D2E5FD /* Automation.entitlements */,
				D2BB41161BACA936009BB9E3 /* External */,
				D21CB84D19E1FEAF0054A7D4 /* Resources */,
				D21CB85419E1FEAF0054A7D4 /* Source */,
				D2843B3919E0E798007CC520 /* Supporting Files */,
				D2BB40EE1BAC7EC4009BB9E3 /* Automation-Bridging-Header.h */,
			);
			path = Automation;
			sourceTree = "<group>";
		};
		D2843B3919E0E798007CC520 /* Supporting Files */ = {
			isa = PBXGroup;
			children = (
				D21CB85319E1FEAF0054A7D4 /* Info.plist */,
			);
			name = "Supporting Files";
			sourceTree = "<group>";
		};
		D285144D1D85BCC400162FDE /* Vera */ = {
			isa = PBXGroup;
			children = (
				D285144E1D85BCC400162FDE /* DataModel */,
				D28514551D85BCC400162FDE /* VeraAPI.swift */,
			);
			name = Vera;
			path = Automation/Vera;
			sourceTree = SOURCE_ROOT;
		};
		D285144E1D85BCC400162FDE /* DataModel */ = {
			isa = PBXGroup;
			children = (
				D285144F1D85BCC400162FDE /* VeraAuth.swift */,
				D28514501D85BCC400162FDE /* VeraDevice.swift */,
				D28514511D85BCC400162FDE /* VeraRoom.swift */,
				D28514521D85BCC400162FDE /* VeraScene.swift */,
				D28514531D85BCC400162FDE /* VeraUnit.swift */,
				D28514541D85BCC400162FDE /* VeraUser.swift */,
			);
			path = DataModel;
			sourceTree = "<group>";
		};
		D28514771D85BD4900162FDE /* Products */ = {
			isa = PBXGroup;
			children = (
				D285147F1D85BD4900162FDE /* JSONHelper.framework */,
				D28514811D85BD4900162FDE /* JSONHelper.framework */,
				D28514831D85BD4900162FDE /* JSONHelperTests.xctest */,
				D28514851D85BD4900162FDE /* JSONHelperExample.app */,
				D28514871D85BD4900162FDE /* JSONHelperExampleTests.xctest */,
			);
			name = Products;
			sourceTree = "<group>";
		};
		D28514901D85BDCA00162FDE /* Reachability */ = {
			isa = PBXGroup;
			children = (
				D28514911D85BDCA00162FDE /* Reachability.h */,
				D28514921D85BDCA00162FDE /* Reachability.m */,
			);
			name = Reachability;
			path = External/Reachability;
			sourceTree = SOURCE_ROOT;
		};
		D2A87D471D8476D500D2E5FD /* Products */ = {
			isa = PBXGroup;
			children = (
				D2A87D521D8476D500D2E5FD /* XCGLogger.framework */,
				D2A87D541D8476D500D2E5FD /* XCGLogger.framework */,
				D2A87D561D8476D500D2E5FD /* XCGLogger.framework */,
				D2A87D581D8476D500D2E5FD /* XCGLogger.framework */,
				D2A87D5A1D8476D500D2E5FD /* XCGLoggerTests (iOS).xctest */,
				D2A87D5C1D8476D500D2E5FD /* XCGLoggerTests (OS X).xctest */,
				D2A87D5E1D8476D500D2E5FD /* XCGLoggerTests (watchOS).xctest */,
				D2A87D601D8476D500D2E5FD /* XCGLoggerTests (tvOS).xctest */,
			);
			name = Products;
			sourceTree = "<group>";
		};
		D2BB40F21BAC7ED8009BB9E3 /* OnePasswordExtension */ = {
			isa = PBXGroup;
			children = (
				D2BB40EF1BAC7EC5009BB9E3 /* OnePasswordExtension.h */,
				D2BB40F01BAC7EC5009BB9E3 /* OnePasswordExtension.m */,
			);
			name = OnePasswordExtension;
			sourceTree = "<group>";
		};
		D2BB41161BACA936009BB9E3 /* External */ = {
			isa = PBXGroup;
			children = (
				D22156A91DCF839900760F1A /* PMJSON.xcodeproj */,
				D221568D1DCF839300760F1A /* KeychainSwift.xcodeproj */,
				D22156841DCF838C00760F1A /* CryptoSwift.xcodeproj */,
				D221567B1DCF837B00760F1A /* PMHTTP.xcodeproj */,
				D28514761D85BD4900162FDE /* JSONHelper.xcodeproj */,
				D2A87D461D8476D500D2E5FD /* XCGLogger.xcodeproj */,
				D28514901D85BDCA00162FDE /* Reachability */,
				D2BB40F21BAC7ED8009BB9E3 /* OnePasswordExtension */,
				D28002B21A09D240005894C3 /* SFSwiftNotification */,
			);
			name = External;
			sourceTree = "<group>";
		};
/* End PBXGroup section */

/* Begin PBXNativeTarget section */
		D2843B3519E0E798007CC520 /* Automation */ = {
			isa = PBXNativeTarget;
			buildConfigurationList = D2843B5719E0E798007CC520 /* Build configuration list for PBXNativeTarget "Automation" */;
			buildPhases = (
				D2843B3219E0E798007CC520 /* Sources */,
				D2843B3319E0E798007CC520 /* Frameworks */,
				D2843B3419E0E798007CC520 /* Resources */,
				D21CB86019E1FF660054A7D4 /* Setup Version */,
				D2BB41011BAC90BB009BB9E3 /* CopyFiles */,
			);
			buildRules = (
			);
			dependencies = (
				D28514891D85BD5400162FDE /* PBXTargetDependency */,
				D2A87D621D8479D900D2E5FD /* PBXTargetDependency */,
			);
			name = Automation;
			productName = Automation;
			productReference = D2843B3619E0E798007CC520 /* Automation.app */;
			productType = "com.apple.product-type.application";
		};
/* End PBXNativeTarget section */

/* Begin PBXProject section */
		D2843B2E19E0E798007CC520 /* Project object */ = {
			isa = PBXProject;
			attributes = {
				LastSwiftUpdateCheck = 0700;
				LastUpgradeCheck = 0800;
				ORGANIZATIONNAME = "Gruby Solutions";
				TargetAttributes = {
					D2843B3519E0E798007CC520 = {
						CreatedOnToolsVersion = 6.0.1;
						DevelopmentTeam = 87ZMTDNHLV;
						LastSwiftMigration = 0810;
						ProvisioningStyle = Manual;
						SystemCapabilities = {
							com.apple.Keychain = {
								enabled = 1;
							};
						};
					};
				};
			};
			buildConfigurationList = D2843B3119E0E798007CC520 /* Build configuration list for PBXProject "Automation" */;
			compatibilityVersion = "Xcode 3.2";
			developmentRegion = English;
			hasScannedForEncodings = 0;
			knownRegions = (
				en,
				Base,
			);
			mainGroup = D2843B2D19E0E798007CC520;
			productRefGroup = D2843B3719E0E798007CC520 /* Products */;
			projectDirPath = "";
			projectReferences = (
				{
					ProductGroup = D22156851DCF838C00760F1A /* Products */;
					ProjectRef = D22156841DCF838C00760F1A /* CryptoSwift.xcodeproj */;
				},
				{
					ProductGroup = D28514771D85BD4900162FDE /* Products */;
					ProjectRef = D28514761D85BD4900162FDE /* JSONHelper.xcodeproj */;
				},
				{
					ProductGroup = D221568E1DCF839300760F1A /* Products */;
					ProjectRef = D221568D1DCF839300760F1A /* KeychainSwift.xcodeproj */;
				},
				{
					ProductGroup = D221567C1DCF837B00760F1A /* Products */;
					ProjectRef = D221567B1DCF837B00760F1A /* PMHTTP.xcodeproj */;
				},
				{
					ProductGroup = D22156AA1DCF839900760F1A /* Products */;
					ProjectRef = D22156A91DCF839900760F1A /* PMJSON.xcodeproj */;
				},
				{
					ProductGroup = D2A87D471D8476D500D2E5FD /* Products */;
					ProjectRef = D2A87D461D8476D500D2E5FD /* XCGLogger.xcodeproj */;
				},
			);
			projectRoot = "";
			targets = (
				D2843B3519E0E798007CC520 /* Automation */,
			);
		};
/* End PBXProject section */

/* Begin PBXReferenceProxy section */
		D22156811DCF837B00760F1A /* PMHTTP.framework */ = {
			isa = PBXReferenceProxy;
			fileType = wrapper.framework;
			path = PMHTTP.framework;
			remoteRef = D22156801DCF837B00760F1A /* PBXContainerItemProxy */;
			sourceTree = BUILT_PRODUCTS_DIR;
		};
		D22156831DCF837B00760F1A /* PMHTTPTests.xctest */ = {
			isa = PBXReferenceProxy;
			fileType = wrapper.cfbundle;
			path = PMHTTPTests.xctest;
			remoteRef = D22156821DCF837B00760F1A /* PBXContainerItemProxy */;
			sourceTree = BUILT_PRODUCTS_DIR;
		};
		D221568A1DCF838C00760F1A /* CryptoSwift.framework */ = {
			isa = PBXReferenceProxy;
			fileType = wrapper.framework;
			path = CryptoSwift.framework;
			remoteRef = D22156891DCF838C00760F1A /* PBXContainerItemProxy */;
			sourceTree = BUILT_PRODUCTS_DIR;
		};
		D221568C1DCF838C00760F1A /* Tests.xctest */ = {
			isa = PBXReferenceProxy;
			fileType = wrapper.cfbundle;
			path = Tests.xctest;
			remoteRef = D221568B1DCF838C00760F1A /* PBXContainerItemProxy */;
			sourceTree = BUILT_PRODUCTS_DIR;
		};
		D221569A1DCF839300760F1A /* KeychainSwift.framework */ = {
			isa = PBXReferenceProxy;
			fileType = wrapper.framework;
			path = KeychainSwift.framework;
			remoteRef = D22156991DCF839300760F1A /* PBXContainerItemProxy */;
			sourceTree = BUILT_PRODUCTS_DIR;
		};
		D221569C1DCF839300760F1A /* KeychainSwift.framework */ = {
			isa = PBXReferenceProxy;
			fileType = wrapper.framework;
			path = KeychainSwift.framework;
			remoteRef = D221569B1DCF839300760F1A /* PBXContainerItemProxy */;
			sourceTree = BUILT_PRODUCTS_DIR;
		};
		D221569E1DCF839300760F1A /* KeychainSwift.framework */ = {
			isa = PBXReferenceProxy;
			fileType = wrapper.framework;
			path = KeychainSwift.framework;
			remoteRef = D221569D1DCF839300760F1A /* PBXContainerItemProxy */;
			sourceTree = BUILT_PRODUCTS_DIR;
		};
		D22156A01DCF839300760F1A /* KeychainSwift.framework */ = {
			isa = PBXReferenceProxy;
			fileType = wrapper.framework;
			path = KeychainSwift.framework;
			remoteRef = D221569F1DCF839300760F1A /* PBXContainerItemProxy */;
			sourceTree = BUILT_PRODUCTS_DIR;
		};
		D22156A21DCF839300760F1A /* KeychainSwiftTests.xctest */ = {
			isa = PBXReferenceProxy;
			fileType = wrapper.cfbundle;
			path = KeychainSwiftTests.xctest;
			remoteRef = D22156A11DCF839300760F1A /* PBXContainerItemProxy */;
			sourceTree = BUILT_PRODUCTS_DIR;
		};
		D22156A41DCF839300760F1A /* Keychain Swift.app */ = {
			isa = PBXReferenceProxy;
			fileType = wrapper.application;
			path = "Keychain Swift.app";
			remoteRef = D22156A31DCF839300760F1A /* PBXContainerItemProxy */;
			sourceTree = BUILT_PRODUCTS_DIR;
		};
		D22156A61DCF839300760F1A /* macOS Tests.xctest */ = {
			isa = PBXReferenceProxy;
			fileType = wrapper.cfbundle;
			path = "macOS Tests.xctest";
			remoteRef = D22156A51DCF839300760F1A /* PBXContainerItemProxy */;
			sourceTree = BUILT_PRODUCTS_DIR;
		};
		D22156A81DCF839300760F1A /* macOS Demo.app */ = {
			isa = PBXReferenceProxy;
			fileType = wrapper.application;
			path = "macOS Demo.app";
			remoteRef = D22156A71DCF839300760F1A /* PBXContainerItemProxy */;
			sourceTree = BUILT_PRODUCTS_DIR;
		};
		D22156AF1DCF839900760F1A /* PMJSON.framework */ = {
			isa = PBXReferenceProxy;
			fileType = wrapper.framework;
			path = PMJSON.framework;
			remoteRef = D22156AE1DCF839900760F1A /* PBXContainerItemProxy */;
			sourceTree = BUILT_PRODUCTS_DIR;
		};
		D22156B11DCF839900760F1A /* PMJSONTests.xctest */ = {
			isa = PBXReferenceProxy;
			fileType = wrapper.cfbundle;
			path = PMJSONTests.xctest;
			remoteRef = D22156B01DCF839900760F1A /* PBXContainerItemProxy */;
			sourceTree = BUILT_PRODUCTS_DIR;
		};
		D285147F1D85BD4900162FDE /* JSONHelper.framework */ = {
			isa = PBXReferenceProxy;
			fileType = wrapper.framework;
			path = JSONHelper.framework;
			remoteRef = D285147E1D85BD4900162FDE /* PBXContainerItemProxy */;
			sourceTree = BUILT_PRODUCTS_DIR;
		};
		D28514811D85BD4900162FDE /* JSONHelper.framework */ = {
			isa = PBXReferenceProxy;
			fileType = wrapper.framework;
			path = JSONHelper.framework;
			remoteRef = D28514801D85BD4900162FDE /* PBXContainerItemProxy */;
			sourceTree = BUILT_PRODUCTS_DIR;
		};
		D28514831D85BD4900162FDE /* JSONHelperTests.xctest */ = {
			isa = PBXReferenceProxy;
			fileType = wrapper.cfbundle;
			path = JSONHelperTests.xctest;
			remoteRef = D28514821D85BD4900162FDE /* PBXContainerItemProxy */;
			sourceTree = BUILT_PRODUCTS_DIR;
		};
		D28514851D85BD4900162FDE /* JSONHelperExample.app */ = {
			isa = PBXReferenceProxy;
			fileType = wrapper.application;
			path = JSONHelperExample.app;
			remoteRef = D28514841D85BD4900162FDE /* PBXContainerItemProxy */;
			sourceTree = BUILT_PRODUCTS_DIR;
		};
		D28514871D85BD4900162FDE /* JSONHelperExampleTests.xctest */ = {
			isa = PBXReferenceProxy;
			fileType = wrapper.cfbundle;
			path = JSONHelperExampleTests.xctest;
			remoteRef = D28514861D85BD4900162FDE /* PBXContainerItemProxy */;
			sourceTree = BUILT_PRODUCTS_DIR;
		};
		D2A87D521D8476D500D2E5FD /* XCGLogger.framework */ = {
			isa = PBXReferenceProxy;
			fileType = wrapper.framework;
			path = XCGLogger.framework;
			remoteRef = D2A87D511D8476D500D2E5FD /* PBXContainerItemProxy */;
			sourceTree = BUILT_PRODUCTS_DIR;
		};
		D2A87D541D8476D500D2E5FD /* XCGLogger.framework */ = {
			isa = PBXReferenceProxy;
			fileType = wrapper.framework;
			path = XCGLogger.framework;
			remoteRef = D2A87D531D8476D500D2E5FD /* PBXContainerItemProxy */;
			sourceTree = BUILT_PRODUCTS_DIR;
		};
		D2A87D561D8476D500D2E5FD /* XCGLogger.framework */ = {
			isa = PBXReferenceProxy;
			fileType = wrapper.framework;
			path = XCGLogger.framework;
			remoteRef = D2A87D551D8476D500D2E5FD /* PBXContainerItemProxy */;
			sourceTree = BUILT_PRODUCTS_DIR;
		};
		D2A87D581D8476D500D2E5FD /* XCGLogger.framework */ = {
			isa = PBXReferenceProxy;
			fileType = wrapper.framework;
			path = XCGLogger.framework;
			remoteRef = D2A87D571D8476D500D2E5FD /* PBXContainerItemProxy */;
			sourceTree = BUILT_PRODUCTS_DIR;
		};
		D2A87D5A1D8476D500D2E5FD /* XCGLoggerTests (iOS).xctest */ = {
			isa = PBXReferenceProxy;
			fileType = wrapper.cfbundle;
			path = "XCGLoggerTests (iOS).xctest";
			remoteRef = D2A87D591D8476D500D2E5FD /* PBXContainerItemProxy */;
			sourceTree = BUILT_PRODUCTS_DIR;
		};
		D2A87D5C1D8476D500D2E5FD /* XCGLoggerTests (OS X).xctest */ = {
			isa = PBXReferenceProxy;
			fileType = wrapper.cfbundle;
			path = "XCGLoggerTests (OS X).xctest";
			remoteRef = D2A87D5B1D8476D500D2E5FD /* PBXContainerItemProxy */;
			sourceTree = BUILT_PRODUCTS_DIR;
		};
		D2A87D5E1D8476D500D2E5FD /* XCGLoggerTests (watchOS).xctest */ = {
			isa = PBXReferenceProxy;
			fileType = wrapper.cfbundle;
			path = "XCGLoggerTests (watchOS).xctest";
			remoteRef = D2A87D5D1D8476D500D2E5FD /* PBXContainerItemProxy */;
			sourceTree = BUILT_PRODUCTS_DIR;
		};
		D2A87D601D8476D500D2E5FD /* XCGLoggerTests (tvOS).xctest */ = {
			isa = PBXReferenceProxy;
			fileType = wrapper.cfbundle;
			path = "XCGLoggerTests (tvOS).xctest";
			remoteRef = D2A87D5F1D8476D500D2E5FD /* PBXContainerItemProxy */;
			sourceTree = BUILT_PRODUCTS_DIR;
		};
/* End PBXReferenceProxy section */

/* Begin PBXResourcesBuildPhase section */
		D2843B3419E0E798007CC520 /* Resources */ = {
			isa = PBXResourcesBuildPhase;
			buildActionMask = 2147483647;
			files = (
				D21CB87519E20BE10054A7D4 /* Locks.storyboard in Resources */,
				D21CB88219E20CDB0054A7D4 /* Localizable.strings in Resources */,
				D21CB86F19E20BCA0054A7D4 /* Scenes.storyboard in Resources */,
				D21CB87B19E20BF60054A7D4 /* Settings.storyboard in Resources */,
				D2BB40E91BAC7E9C009BB9E3 /* 1Password.xcassets in Resources */,
				D21CB87219E20BD60054A7D4 /* On.storyboard in Resources */,
				D21CB86219E1FF970054A7D4 /* Settings.bundle in Resources */,
				D21CB85819E1FEAF0054A7D4 /* LaunchScreen.xib in Resources */,
				D21CB86919E2058E0054A7D4 /* Switches.storyboard in Resources */,
				D21CB86C19E20BBE0054A7D4 /* Audio.storyboard in Resources */,
				D21CB85919E1FEAF0054A7D4 /* Main.storyboard in Resources */,
				D21CB87819E20BEB0054A7D4 /* Climate.storyboard in Resources */,
				D21CB85A19E1FEAF0054A7D4 /* Images.xcassets in Resources */,
			);
			runOnlyForDeploymentPostprocessing = 0;
		};
/* End PBXResourcesBuildPhase section */

/* Begin PBXShellScriptBuildPhase section */
		D21CB86019E1FF660054A7D4 /* Setup Version */ = {
			isa = PBXShellScriptBuildPhase;
			buildActionMask = 2147483647;
			files = (
			);
			inputPaths = (
			);
			name = "Setup Version";
			outputPaths = (
			);
			runOnlyForDeploymentPostprocessing = 0;
			shellPath = /bin/sh;
			shellScript = ./Scripts/setup_version.sh;
			showEnvVarsInLog = 0;
		};
/* End PBXShellScriptBuildPhase section */

/* Begin PBXSourcesBuildPhase section */
		D2843B3219E0E798007CC520 /* Sources */ = {
			isa = PBXSourcesBuildPhase;
			buildActionMask = 2147483647;
			files = (
				D285145C1D85BCC400162FDE /* VeraAPI.swift in Sources */,
				D28514581D85BCC400162FDE /* VeraRoom.swift in Sources */,
				D21CB85C19E1FEAF0054A7D4 /* AppDelegate.swift in Sources */,
				D28514561D85BCC400162FDE /* VeraAuth.swift in Sources */,
				D285145A1D85BCC400162FDE /* VeraUnit.swift in Sources */,
				D23210821A07230500353F51 /* ClimateViewController.swift in Sources */,
				D2A2A6DD1A0FFA4800BE65EE /* OnDeviceCell.swift in Sources */,
				D2ED11371A15BC4D00B8F25B /* ArrayExtension.swift in Sources */,
				D23210851A07230500353F51 /* OnViewController.swift in Sources */,
				D232108A1A07230500353F51 /* SwitchesViewController.swift in Sources */,
				D27B15AD1A0730B5003790CE /* BaseCell.swift in Sources */,
				D28514931D85BDCA00162FDE /* Reachability.m in Sources */,
				D2E3597F1A105E5500F30C32 /* ThermostatCell.swift in Sources */,
				D23210871A07230500353F51 /* ScenesViewController.swift in Sources */,
				D23210891A07230500353F51 /* SwitchesListViewController.swift in Sources */,
				D27772191A0DCAF400F33568 /* SceneCell.swift in Sources */,
				D23210811A07230500353F51 /* AudioViewController.swift in Sources */,
				D2BB40F11BAC7EC5009BB9E3 /* OnePasswordExtension.m in Sources */,
				D2E3597D1A104A0F00F30C32 /* LockCell.swift in Sources */,
				D23210841A07230500353F51 /* LocksViewController.swift in Sources */,
				D28514571D85BCC400162FDE /* VeraDevice.swift in Sources */,
				D2A2A6DF1A101AF500BE65EE /* AudioCell.swift in Sources */,
				D232108D1A07232600353F51 /* DeviceCell.swift in Sources */,
				D28002AF1A09B5C6005894C3 /* VeraUIExtension.swift in Sources */,
				D28002B11A09D23A005894C3 /* SFSwiftNotification.swift in Sources */,
				D23210861A07230500353F51 /* ScenesListViewController.swift in Sources */,
				D23210881A07230500353F51 /* SettingsViewController.swift in Sources */,
				D28514591D85BCC400162FDE /* VeraScene.swift in Sources */,
				D285145B1D85BCC400162FDE /* VeraUser.swift in Sources */,
				D23210801A07230500353F51 /* AudioListViewController.swift in Sources */,
				D23210831A07230500353F51 /* ExcludedItemsViewController.swift in Sources */,
			);
			runOnlyForDeploymentPostprocessing = 0;
		};
/* End PBXSourcesBuildPhase section */

/* Begin PBXTargetDependency section */
		D28514891D85BD5400162FDE /* PBXTargetDependency */ = {
			isa = PBXTargetDependency;
			name = JSONHelper;
			targetProxy = D28514881D85BD5400162FDE /* PBXContainerItemProxy */;
		};
		D2A87D621D8479D900D2E5FD /* PBXTargetDependency */ = {
			isa = PBXTargetDependency;
			name = "XCGLogger (iOS)";
			targetProxy = D2A87D611D8479D900D2E5FD /* PBXContainerItemProxy */;
		};
/* End PBXTargetDependency section */

/* Begin PBXVariantGroup section */
		D21CB84E19E1FEAF0054A7D4 /* LaunchScreen.xib */ = {
			isa = PBXVariantGroup;
			children = (
				D21CB84F19E1FEAF0054A7D4 /* Base */,
			);
			name = LaunchScreen.xib;
			sourceTree = "<group>";
		};
		D21CB85019E1FEAF0054A7D4 /* Main.storyboard */ = {
			isa = PBXVariantGroup;
			children = (
				D21CB85119E1FEAF0054A7D4 /* Base */,
			);
			name = Main.storyboard;
			sourceTree = "<group>";
		};
		D21CB86719E2058E0054A7D4 /* Switches.storyboard */ = {
			isa = PBXVariantGroup;
			children = (
				D21CB86819E2058E0054A7D4 /* Base */,
			);
			name = Switches.storyboard;
			sourceTree = "<group>";
		};
		D21CB86A19E20BBE0054A7D4 /* Audio.storyboard */ = {
			isa = PBXVariantGroup;
			children = (
				D21CB86B19E20BBE0054A7D4 /* Base */,
			);
			name = Audio.storyboard;
			sourceTree = "<group>";
		};
		D21CB86D19E20BCA0054A7D4 /* Scenes.storyboard */ = {
			isa = PBXVariantGroup;
			children = (
				D21CB86E19E20BCA0054A7D4 /* Base */,
			);
			name = Scenes.storyboard;
			sourceTree = "<group>";
		};
		D21CB87019E20BD60054A7D4 /* On.storyboard */ = {
			isa = PBXVariantGroup;
			children = (
				D21CB87119E20BD60054A7D4 /* Base */,
			);
			name = On.storyboard;
			sourceTree = "<group>";
		};
		D21CB87319E20BE10054A7D4 /* Locks.storyboard */ = {
			isa = PBXVariantGroup;
			children = (
				D21CB87419E20BE10054A7D4 /* Base */,
			);
			name = Locks.storyboard;
			sourceTree = "<group>";
		};
		D21CB87619E20BEB0054A7D4 /* Climate.storyboard */ = {
			isa = PBXVariantGroup;
			children = (
				D21CB87719E20BEB0054A7D4 /* Base */,
			);
			name = Climate.storyboard;
			sourceTree = "<group>";
		};
		D21CB87919E20BF60054A7D4 /* Settings.storyboard */ = {
			isa = PBXVariantGroup;
			children = (
				D21CB87A19E20BF60054A7D4 /* Base */,
			);
			name = Settings.storyboard;
			sourceTree = "<group>";
		};
		D21CB88019E20CDB0054A7D4 /* Localizable.strings */ = {
			isa = PBXVariantGroup;
			children = (
				D21CB88119E20CDB0054A7D4 /* en */,
			);
			name = Localizable.strings;
			sourceTree = "<group>";
		};
/* End PBXVariantGroup section */

/* Begin XCBuildConfiguration section */
		D2843B5519E0E798007CC520 /* Debug */ = {
			isa = XCBuildConfiguration;
			buildSettings = {
				ALWAYS_SEARCH_USER_PATHS = NO;
				CLANG_CXX_LANGUAGE_STANDARD = "gnu++0x";
				CLANG_CXX_LIBRARY = "libc++";
				CLANG_ENABLE_MODULES = YES;
				CLANG_ENABLE_OBJC_ARC = YES;
				CLANG_WARN_BOOL_CONVERSION = YES;
				CLANG_WARN_CONSTANT_CONVERSION = YES;
				CLANG_WARN_DIRECT_OBJC_ISA_USAGE = YES_ERROR;
				CLANG_WARN_EMPTY_BODY = YES;
				CLANG_WARN_ENUM_CONVERSION = YES;
				CLANG_WARN_INFINITE_RECURSION = YES;
				CLANG_WARN_INT_CONVERSION = YES;
				CLANG_WARN_OBJC_ROOT_CLASS = YES_ERROR;
				CLANG_WARN_SUSPICIOUS_MOVE = YES;
				CLANG_WARN_UNREACHABLE_CODE = YES;
				CLANG_WARN__DUPLICATE_METHOD_MATCH = YES;
				"CODE_SIGN_IDENTITY[sdk=iphoneos*]" = "iPhone Developer";
				COPY_PHASE_STRIP = NO;
				ENABLE_STRICT_OBJC_MSGSEND = YES;
				ENABLE_TESTABILITY = YES;
				GCC_C_LANGUAGE_STANDARD = gnu99;
				GCC_DYNAMIC_NO_PIC = NO;
				GCC_NO_COMMON_BLOCKS = YES;
				GCC_OPTIMIZATION_LEVEL = 0;
				GCC_PREPROCESSOR_DEFINITIONS = (
					"DEBUG=1",
					"$(inherited)",
				);
				GCC_SYMBOLS_PRIVATE_EXTERN = NO;
				GCC_WARN_64_TO_32_BIT_CONVERSION = YES;
				GCC_WARN_ABOUT_RETURN_TYPE = YES_ERROR;
				GCC_WARN_UNDECLARED_SELECTOR = YES;
				GCC_WARN_UNINITIALIZED_AUTOS = YES_AGGRESSIVE;
				GCC_WARN_UNUSED_FUNCTION = YES;
				GCC_WARN_UNUSED_VARIABLE = YES;
				IPHONEOS_DEPLOYMENT_TARGET = 9.0;
				MTL_ENABLE_DEBUG_INFO = YES;
				ONLY_ACTIVE_ARCH = YES;
				PROVISIONING_PROFILE = "";
				SDKROOT = iphoneos;
				SWIFT_OPTIMIZATION_LEVEL = "-Onone";
				TARGETED_DEVICE_FAMILY = "1,2";
			};
			name = Debug;
		};
		D2843B5619E0E798007CC520 /* Release */ = {
			isa = XCBuildConfiguration;
			buildSettings = {
				ALWAYS_SEARCH_USER_PATHS = NO;
				CLANG_CXX_LANGUAGE_STANDARD = "gnu++0x";
				CLANG_CXX_LIBRARY = "libc++";
				CLANG_ENABLE_MODULES = YES;
				CLANG_ENABLE_OBJC_ARC = YES;
				CLANG_WARN_BOOL_CONVERSION = YES;
				CLANG_WARN_CONSTANT_CONVERSION = YES;
				CLANG_WARN_DIRECT_OBJC_ISA_USAGE = YES_ERROR;
				CLANG_WARN_EMPTY_BODY = YES;
				CLANG_WARN_ENUM_CONVERSION = YES;
				CLANG_WARN_INFINITE_RECURSION = YES;
				CLANG_WARN_INT_CONVERSION = YES;
				CLANG_WARN_OBJC_ROOT_CLASS = YES_ERROR;
				CLANG_WARN_SUSPICIOUS_MOVE = YES;
				CLANG_WARN_UNREACHABLE_CODE = YES;
				CLANG_WARN__DUPLICATE_METHOD_MATCH = YES;
				"CODE_SIGN_IDENTITY[sdk=iphoneos*]" = "iPhone Distribution";
				COPY_PHASE_STRIP = YES;
				ENABLE_NS_ASSERTIONS = NO;
				ENABLE_STRICT_OBJC_MSGSEND = YES;
				GCC_C_LANGUAGE_STANDARD = gnu99;
				GCC_NO_COMMON_BLOCKS = YES;
				GCC_WARN_64_TO_32_BIT_CONVERSION = YES;
				GCC_WARN_ABOUT_RETURN_TYPE = YES_ERROR;
				GCC_WARN_UNDECLARED_SELECTOR = YES;
				GCC_WARN_UNINITIALIZED_AUTOS = YES_AGGRESSIVE;
				GCC_WARN_UNUSED_FUNCTION = YES;
				GCC_WARN_UNUSED_VARIABLE = YES;
				IPHONEOS_DEPLOYMENT_TARGET = 9.0;
				MTL_ENABLE_DEBUG_INFO = NO;
				PROVISIONING_PROFILE = "";
				SDKROOT = iphoneos;
				TARGETED_DEVICE_FAMILY = "1,2";
				VALIDATE_PRODUCT = YES;
			};
			name = Release;
		};
		D2843B5819E0E798007CC520 /* Debug */ = {
			isa = XCBuildConfiguration;
			buildSettings = {
				ASSETCATALOG_COMPILER_APPICON_NAME = AppIcon;
				CLANG_ENABLE_MODULES = YES;
				CODE_SIGN_ENTITLEMENTS = Automation/Automation.entitlements;
				"CODE_SIGN_IDENTITY[sdk=iphoneos*]" = "iPhone Developer";
				DEVELOPMENT_TEAM = 87ZMTDNHLV;
				FRAMEWORK_SEARCH_PATHS = (
					"$(inherited)",
					"$(PROJECT_DIR)/Carthage/Build/iOS",
				);
				INFOPLIST_FILE = Automation/Resources/Info.plist;
				INFOPLIST_PREFIX_HEADER = Automation/Defines.h;
				INFOPLIST_PREPROCESS = YES;
				INFOPLIST_PREPROCESSOR_DEFINITIONS = "INFO_PLIST=1";
				IPHONEOS_DEPLOYMENT_TARGET = 9.0;
				LD_RUNPATH_SEARCH_PATHS = "$(inherited) @executable_path/Frameworks";
				PRODUCT_BUNDLE_IDENTIFIER = com.grubysolutions.veraliteautomation;
				PRODUCT_NAME = "$(TARGET_NAME)";
				PROVISIONING_PROFILE = "8be97b66-fd92-497c-a4de-ee42f2b1ea94";
				PROVISIONING_PROFILE_SPECIFIER = "Scott Gruby - Development";
				SWIFT_INCLUDE_PATHS = "";
				SWIFT_OBJC_BRIDGING_HEADER = "Automation/Automation-Bridging-Header.h";
				SWIFT_OPTIMIZATION_LEVEL = "-Onone";
				SWIFT_VERSION = 3.0;
			};
			name = Debug;
		};
		D2843B5919E0E798007CC520 /* Release */ = {
			isa = XCBuildConfiguration;
			buildSettings = {
				ASSETCATALOG_COMPILER_APPICON_NAME = AppIcon;
				CLANG_ENABLE_MODULES = YES;
				CODE_SIGN_ENTITLEMENTS = Automation/Automation.entitlements;
				"CODE_SIGN_IDENTITY[sdk=iphoneos*]" = "iPhone Distribution";
				DEVELOPMENT_TEAM = 87ZMTDNHLV;
				FRAMEWORK_SEARCH_PATHS = (
					"$(inherited)",
					"$(PROJECT_DIR)/Carthage/Build/iOS",
				);
				INFOPLIST_FILE = Automation/Resources/Info.plist;
				INFOPLIST_PREFIX_HEADER = Automation/Defines.h;
				INFOPLIST_PREPROCESS = YES;
				INFOPLIST_PREPROCESSOR_DEFINITIONS = "INFO_PLIST=1";
				IPHONEOS_DEPLOYMENT_TARGET = 9.0;
				LD_RUNPATH_SEARCH_PATHS = "$(inherited) @executable_path/Frameworks";
				PRODUCT_BUNDLE_IDENTIFIER = com.grubysolutions.veraliteautomation;
				PRODUCT_NAME = "$(TARGET_NAME)";
				PROVISIONING_PROFILE = "82643dc1-4d9b-49ce-9656-9f7e2133c388";
				PROVISIONING_PROFILE_SPECIFIER = "VeraLite Automation AdHoc";
				SWIFT_INCLUDE_PATHS = "";
				SWIFT_OBJC_BRIDGING_HEADER = "Automation/Automation-Bridging-Header.h";
				SWIFT_OPTIMIZATION_LEVEL = "-Owholemodule";
				SWIFT_VERSION = 3.0;
			};
			name = Release;
		};
/* End XCBuildConfiguration section */

/* Begin XCConfigurationList section */
		D2843B3119E0E798007CC520 /* Build configuration list for PBXProject "Automation" */ = {
			isa = XCConfigurationList;
			buildConfigurations = (
				D2843B5519E0E798007CC520 /* Debug */,
				D2843B5619E0E798007CC520 /* Release */,
			);
			defaultConfigurationIsVisible = 0;
			defaultConfigurationName = Release;
		};
		D2843B5719E0E798007CC520 /* Build configuration list for PBXNativeTarget "Automation" */ = {
			isa = XCConfigurationList;
			buildConfigurations = (
				D2843B5819E0E798007CC520 /* Debug */,
				D2843B5919E0E798007CC520 /* Release */,
			);
			defaultConfigurationIsVisible = 0;
			defaultConfigurationName = Release;
		};
/* End XCConfigurationList section */
	};
	rootObject = D2843B2E19E0E798007CC520 /* Project object */;
}
